// !$*UTF8*$!
{
	archiveVersion = 1;
	classes = {
	};
	objectVersion = 48;
	objects = {

/* Begin PBXBuildFile section */
		4178B2D21FF9FA6C0013B3D0 /* AppDelegate.swift in Sources */ = {isa = PBXBuildFile; fileRef = 4178B2D11FF9FA6C0013B3D0 /* AppDelegate.swift */; };
		4178B2D41FF9FA6C0013B3D0 /* ViewController.swift in Sources */ = {isa = PBXBuildFile; fileRef = 4178B2D31FF9FA6C0013B3D0 /* ViewController.swift */; };
		4178B2D71FF9FA6C0013B3D0 /* Main.storyboard in Resources */ = {isa = PBXBuildFile; fileRef = 4178B2D51FF9FA6C0013B3D0 /* Main.storyboard */; };
		4178B2D91FF9FA6C0013B3D0 /* Assets.xcassets in Resources */ = {isa = PBXBuildFile; fileRef = 4178B2D81FF9FA6C0013B3D0 /* Assets.xcassets */; };
		4178B2DC1FF9FA6C0013B3D0 /* LaunchScreen.storyboard in Resources */ = {isa = PBXBuildFile; fileRef = 4178B2DA1FF9FA6C0013B3D0 /* LaunchScreen.storyboard */; };
/* End PBXBuildFile section */

/* Begin PBXFileReference section */
		4178B2CE1FF9FA6C0013B3D0 /* Dhogehoge.app */ = {isa = PBXFileReference; explicitFileType = wrapper.application; includeInIndex = 0; path = Dhogehoge.app; sourceTree = BUILT_PRODUCTS_DIR; };
		4178B2D11FF9FA6C0013B3D0 /* AppDelegate.swift */ = {isa = PBXFileReference; lastKnownFileType = sourcecode.swift; path = AppDelegate.swift; sourceTree = "<group>"; };
		4178B2D31FF9FA6C0013B3D0 /* ViewController.swift */ = {isa = PBXFileReference; lastKnownFileType = sourcecode.swift; path = ViewController.swift; sourceTree = "<group>"; };
		4178B2D61FF9FA6C0013B3D0 /* Base */ = {isa = PBXFileReference; lastKnownFileType = file.storyboard; name = Base; path = Base.lproj/Main.storyboard; sourceTree = "<group>"; };
		4178B2D81FF9FA6C0013B3D0 /* Assets.xcassets */ = {isa = PBXFileReference; lastKnownFileType = folder.assetcatalog; path = Assets.xcassets; sourceTree = "<group>"; };
		4178B2DB1FF9FA6C0013B3D0 /* Base */ = {isa = PBXFileReference; lastKnownFileType = file.storyboard; name = Base; path = Base.lproj/LaunchScreen.storyboard; sourceTree = "<group>"; };
		4178B2DD1FF9FA6C0013B3D0 /* Info.plist */ = {isa = PBXFileReference; lastKnownFileType = text.plist.xml; path = Info.plist; sourceTree = "<group>"; };
/* End PBXFileReference section */

/* Begin PBXFrameworksBuildPhase section */
		4178B2CB1FF9FA6C0013B3D0 /* Frameworks */ = {
			isa = PBXFrameworksBuildPhase;
			buildActionMask = 2147483647;
			files = (
			);
			runOnlyForDeploymentPostprocessing = 0;
		};
/* End PBXFrameworksBuildPhase section */

/* Begin PBXGroup section */
		4178B2C51FF9FA6C0013B3D0 = {
			isa = PBXGroup;
			children = (
				4178B2D01FF9FA6C0013B3D0 /* BuildConfigurationSample */,
				4178B2CF1FF9FA6C0013B3D0 /* Products */,
			);
			sourceTree = "<group>";
		};
		4178B2CF1FF9FA6C0013B3D0 /* Products */ = {
			isa = PBXGroup;
			children = (
				4178B2CE1FF9FA6C0013B3D0 /* Dhogehoge.app */,
			);
			name = Products;
			sourceTree = "<group>";
		};
		4178B2D01FF9FA6C0013B3D0 /* BuildConfigurationSample */ = {
			isa = PBXGroup;
			children = (
				4178B2E61FF9FA9B0013B3D0 /* Classes */,
				4178B2E51FF9FA950013B3D0 /* Resources */,
				4178B2E41FF9FA8A0013B3D0 /* Supporting Files */,
			);
			path = BuildConfigurationSample;
			sourceTree = "<group>";
		};
		4178B2E41FF9FA8A0013B3D0 /* Supporting Files */ = {
			isa = PBXGroup;
			children = (
				4178B2DA1FF9FA6C0013B3D0 /* LaunchScreen.storyboard */,
				4178B2DD1FF9FA6C0013B3D0 /* Info.plist */,
			);
			path = "Supporting Files";
			sourceTree = "<group>";
		};
		4178B2E51FF9FA950013B3D0 /* Resources */ = {
			isa = PBXGroup;
			children = (
				4178B2D81FF9FA6C0013B3D0 /* Assets.xcassets */,
			);
			path = Resources;
			sourceTree = "<group>";
		};
		4178B2E61FF9FA9B0013B3D0 /* Classes */ = {
			isa = PBXGroup;
			children = (
				4178B2E81FF9FAB30013B3D0 /* App */,
				4178B2E71FF9FAAA0013B3D0 /* Scenes */,
			);
			path = Classes;
			sourceTree = "<group>";
		};
		4178B2E71FF9FAAA0013B3D0 /* Scenes */ = {
			isa = PBXGroup;
			children = (
				4178B2E91FF9FAC30013B3D0 /* Main */,
			);
			path = Scenes;
			sourceTree = "<group>";
		};
		4178B2E81FF9FAB30013B3D0 /* App */ = {
			isa = PBXGroup;
			children = (
				4178B2D11FF9FA6C0013B3D0 /* AppDelegate.swift */,
			);
			path = App;
			sourceTree = "<group>";
		};
		4178B2E91FF9FAC30013B3D0 /* Main */ = {
			isa = PBXGroup;
			children = (
				4178B2D31FF9FA6C0013B3D0 /* ViewController.swift */,
				4178B2D51FF9FA6C0013B3D0 /* Main.storyboard */,
			);
			path = Main;
			sourceTree = "<group>";
		};
/* End PBXGroup section */

/* Begin PBXNativeTarget section */
		4178B2CD1FF9FA6C0013B3D0 /* BuildConfigurationSample */ = {
			isa = PBXNativeTarget;
			buildConfigurationList = 4178B2E01FF9FA6C0013B3D0 /* Build configuration list for PBXNativeTarget "BuildConfigurationSample" */;
			buildPhases = (
				4178B2CA1FF9FA6C0013B3D0 /* Sources */,
				4178B2CB1FF9FA6C0013B3D0 /* Frameworks */,
				4178B2CC1FF9FA6C0013B3D0 /* Resources */,
			);
			buildRules = (
			);
			dependencies = (
			);
			name = BuildConfigurationSample;
			productName = BuildConfigurationSample;
			productReference = 4178B2CE1FF9FA6C0013B3D0 /* Dhogehoge.app */;
			productType = "com.apple.product-type.application";
		};
/* End PBXNativeTarget section */

/* Begin PBXProject section */
		4178B2C61FF9FA6C0013B3D0 /* Project object */ = {
			isa = PBXProject;
			attributes = {
				LastSwiftUpdateCheck = 0920;
				LastUpgradeCheck = 0920;
				ORGANIZATIONNAME = "Daisuke Todate";
				TargetAttributes = {
					4178B2CD1FF9FA6C0013B3D0 = {
						CreatedOnToolsVersion = 9.2;
						ProvisioningStyle = Automatic;
					};
				};
			};
			buildConfigurationList = 4178B2C91FF9FA6C0013B3D0 /* Build configuration list for PBXProject "BuildConfigurationSample" */;
			compatibilityVersion = "Xcode 8.0";
			developmentRegion = en;
			hasScannedForEncodings = 0;
			knownRegions = (
				en,
				Base,
			);
			mainGroup = 4178B2C51FF9FA6C0013B3D0;
			productRefGroup = 4178B2CF1FF9FA6C0013B3D0 /* Products */;
			projectDirPath = "";
			projectRoot = "";
			targets = (
				4178B2CD1FF9FA6C0013B3D0 /* BuildConfigurationSample */,
			);
		};
/* End PBXProject section */

/* Begin PBXResourcesBuildPhase section */
		4178B2CC1FF9FA6C0013B3D0 /* Resources */ = {
			isa = PBXResourcesBuildPhase;
			buildActionMask = 2147483647;
			files = (
				4178B2DC1FF9FA6C0013B3D0 /* LaunchScreen.storyboard in Resources */,
				4178B2D91FF9FA6C0013B3D0 /* Assets.xcassets in Resources */,
				4178B2D71FF9FA6C0013B3D0 /* Main.storyboard in Resources */,
			);
			runOnlyForDeploymentPostprocessing = 0;
		};
/* End PBXResourcesBuildPhase section */

/* Begin PBXSourcesBuildPhase section */
		4178B2CA1FF9FA6C0013B3D0 /* Sources */ = {
			isa = PBXSourcesBuildPhase;
			buildActionMask = 2147483647;
			files = (
				4178B2D41FF9FA6C0013B3D0 /* ViewController.swift in Sources */,
				4178B2D21FF9FA6C0013B3D0 /* AppDelegate.swift in Sources */,
			);
			runOnlyForDeploymentPostprocessing = 0;
		};
/* End PBXSourcesBuildPhase section */

/* Begin PBXVariantGroup section */
		4178B2D51FF9FA6C0013B3D0 /* Main.storyboard */ = {
			isa = PBXVariantGroup;
			children = (
				4178B2D61FF9FA6C0013B3D0 /* Base */,
			);
			name = Main.storyboard;
			sourceTree = "<group>";
		};
		4178B2DA1FF9FA6C0013B3D0 /* LaunchScreen.storyboard */ = {
			isa = PBXVariantGroup;
			children = (
				4178B2DB1FF9FA6C0013B3D0 /* Base */,
			);
			name = LaunchScreen.storyboard;
			sourceTree = "<group>";
		};
/* End PBXVariantGroup section */

/* Begin XCBuildConfiguration section */
		4178B2DE1FF9FA6C0013B3D0 /* Develop */ = {
			isa = XCBuildConfiguration;
			buildSettings = {
				ALWAYS_SEARCH_USER_PATHS = NO;
				BUNDLE_ID_SUFFIX = .develop;
				CLANG_ANALYZER_NONNULL = YES;
				CLANG_ANALYZER_NUMBER_OBJECT_CONVERSION = YES_AGGRESSIVE;
				CLANG_CXX_LANGUAGE_STANDARD = "gnu++14";
				CLANG_CXX_LIBRARY = "libc++";
				CLANG_ENABLE_MODULES = YES;
				CLANG_ENABLE_OBJC_ARC = YES;
				CLANG_WARN_BLOCK_CAPTURE_AUTORELEASING = YES;
				CLANG_WARN_BOOL_CONVERSION = YES;
				CLANG_WARN_COMMA = YES;
				CLANG_WARN_CONSTANT_CONVERSION = YES;
				CLANG_WARN_DIRECT_OBJC_ISA_USAGE = YES_ERROR;
				CLANG_WARN_DOCUMENTATION_COMMENTS = YES;
				CLANG_WARN_EMPTY_BODY = YES;
				CLANG_WARN_ENUM_CONVERSION = YES;
				CLANG_WARN_INFINITE_RECURSION = YES;
				CLANG_WARN_INT_CONVERSION = YES;
				CLANG_WARN_NON_LITERAL_NULL_CONVERSION = YES;
				CLANG_WARN_OBJC_LITERAL_CONVERSION = YES;
				CLANG_WARN_OBJC_ROOT_CLASS = YES_ERROR;
				CLANG_WARN_RANGE_LOOP_ANALYSIS = YES;
				CLANG_WARN_STRICT_PROTOTYPES = YES;
				CLANG_WARN_SUSPICIOUS_MOVE = YES;
				CLANG_WARN_UNGUARDED_AVAILABILITY = YES_AGGRESSIVE;
				CLANG_WARN_UNREACHABLE_CODE = YES;
				CLANG_WARN__DUPLICATE_METHOD_MATCH = YES;
				CODE_SIGN_IDENTITY = "iPhone Developer";
				COPY_PHASE_STRIP = NO;
				DEBUG_INFORMATION_FORMAT = dwarf;
				ENABLE_STRICT_OBJC_MSGSEND = YES;
				ENABLE_TESTABILITY = YES;
				GCC_C_LANGUAGE_STANDARD = gnu11;
				GCC_DYNAMIC_NO_PIC = NO;
				GCC_NO_COMMON_BLOCKS = YES;
				GCC_OPTIMIZATION_LEVEL = 0;
				GCC_PREPROCESSOR_DEFINITIONS = (
					"DEVELOP=1",
					"$(inherited)",
				);
				GCC_WARN_64_TO_32_BIT_CONVERSION = YES;
				GCC_WARN_ABOUT_RETURN_TYPE = YES_ERROR;
				GCC_WARN_UNDECLARED_SELECTOR = YES;
				GCC_WARN_UNINITIALIZED_AUTOS = YES_AGGRESSIVE;
				GCC_WARN_UNUSED_FUNCTION = YES;
				GCC_WARN_UNUSED_VARIABLE = YES;
				HOGEHOGE = "開発中";
				IPHONEOS_DEPLOYMENT_TARGET = 11.2;
				MTL_ENABLE_DEBUG_INFO = YES;
				ONLY_ACTIVE_ARCH = YES;
				OTHER_SWIFT_FLAGS = "-D DEVELOP";
				PRODUCT_NAME_PREFIX = D;
				SDKROOT = iphoneos;
				SWIFT_ACTIVE_COMPILATION_CONDITIONS = DEVELOP;
				SWIFT_OPTIMIZATION_LEVEL = "-Onone";
			};
			name = Develop;
		};
		4178B2DF1FF9FA6C0013B3D0 /* Release */ = {
			isa = XCBuildConfiguration;
			buildSettings = {
				ALWAYS_SEARCH_USER_PATHS = NO;
				BUNDLE_ID_SUFFIX = "";
				CLANG_ANALYZER_NONNULL = YES;
				CLANG_ANALYZER_NUMBER_OBJECT_CONVERSION = YES_AGGRESSIVE;
				CLANG_CXX_LANGUAGE_STANDARD = "gnu++14";
				CLANG_CXX_LIBRARY = "libc++";
				CLANG_ENABLE_MODULES = YES;
				CLANG_ENABLE_OBJC_ARC = YES;
				CLANG_WARN_BLOCK_CAPTURE_AUTORELEASING = YES;
				CLANG_WARN_BOOL_CONVERSION = YES;
				CLANG_WARN_COMMA = YES;
				CLANG_WARN_CONSTANT_CONVERSION = YES;
				CLANG_WARN_DIRECT_OBJC_ISA_USAGE = YES_ERROR;
				CLANG_WARN_DOCUMENTATION_COMMENTS = YES;
				CLANG_WARN_EMPTY_BODY = YES;
				CLANG_WARN_ENUM_CONVERSION = YES;
				CLANG_WARN_INFINITE_RECURSION = YES;
				CLANG_WARN_INT_CONVERSION = YES;
				CLANG_WARN_NON_LITERAL_NULL_CONVERSION = YES;
				CLANG_WARN_OBJC_LITERAL_CONVERSION = YES;
				CLANG_WARN_OBJC_ROOT_CLASS = YES_ERROR;
				CLANG_WARN_RANGE_LOOP_ANALYSIS = YES;
				CLANG_WARN_STRICT_PROTOTYPES = YES;
				CLANG_WARN_SUSPICIOUS_MOVE = YES;
				CLANG_WARN_UNGUARDED_AVAILABILITY = YES_AGGRESSIVE;
				CLANG_WARN_UNREACHABLE_CODE = YES;
				CLANG_WARN__DUPLICATE_METHOD_MATCH = YES;
				CODE_SIGN_IDENTITY = "iPhone Developer";
				COPY_PHASE_STRIP = NO;
				DEBUG_INFORMATION_FORMAT = "dwarf-with-dsym";
				ENABLE_NS_ASSERTIONS = NO;
				ENABLE_STRICT_OBJC_MSGSEND = YES;
				GCC_C_LANGUAGE_STANDARD = gnu11;
				GCC_NO_COMMON_BLOCKS = YES;
				GCC_WARN_64_TO_32_BIT_CONVERSION = YES;
				GCC_WARN_ABOUT_RETURN_TYPE = YES_ERROR;
				GCC_WARN_UNDECLARED_SELECTOR = YES;
				GCC_WARN_UNINITIALIZED_AUTOS = YES_AGGRESSIVE;
				GCC_WARN_UNUSED_FUNCTION = YES;
				GCC_WARN_UNUSED_VARIABLE = YES;
				HOGEHOGE = "本番向けです";
				IPHONEOS_DEPLOYMENT_TARGET = 11.2;
				MTL_ENABLE_DEBUG_INFO = NO;
				PRODUCT_NAME_PREFIX = "";
				SDKROOT = iphoneos;
				SWIFT_OPTIMIZATION_LEVEL = "-Owholemodule";
				VALIDATE_PRODUCT = YES;
			};
			name = Release;
		};
		4178B2E11FF9FA6C0013B3D0 /* Develop */ = {
			isa = XCBuildConfiguration;
			buildSettings = {
				ASSETCATALOG_COMPILER_APPICON_NAME = "AppIcon${BUNDLE_ID_SUFFIX}";
				CODE_SIGN_STYLE = Automatic;
				DEVELOPMENT_TEAM = FG24DJMB24;
				INFOPLIST_FILE = "$(SRCROOT)/BuildConfigurationSample/Supporting Files/Info.plist";
				IPHONEOS_DEPLOYMENT_TARGET = 10.0;
				LD_RUNPATH_SEARCH_PATHS = "$(inherited) @executable_path/Frameworks";
				PRODUCT_BUNDLE_IDENTIFIER = "jp.todate.BuildConfigurationSample${BUNDLE_ID_SUFFIX}";
				PRODUCT_NAME = "${PRODUCT_NAME_PREFIX}hogehoge";
				SWIFT_VERSION = 4.0;
				TARGETED_DEVICE_FAMILY = "1,2";
			};
			name = Develop;
		};
		4178B2E21FF9FA6C0013B3D0 /* Release */ = {
			isa = XCBuildConfiguration;
			buildSettings = {
				ASSETCATALOG_COMPILER_APPICON_NAME = "AppIcon${BUNDLE_ID_SUFFIX}";
				CODE_SIGN_STYLE = Automatic;
				DEVELOPMENT_TEAM = FG24DJMB24;
				INFOPLIST_FILE = "$(SRCROOT)/BuildConfigurationSample/Supporting Files/Info.plist";
				IPHONEOS_DEPLOYMENT_TARGET = 10.0;
				LD_RUNPATH_SEARCH_PATHS = "$(inherited) @executable_path/Frameworks";
				PRODUCT_BUNDLE_IDENTIFIER = "jp.todate.BuildConfigurationSample${BUNDLE_ID_SUFFIX}";
				PRODUCT_NAME = "${PRODUCT_NAME_PREFIX}hogehoge";
				SWIFT_VERSION = 4.0;
				TARGETED_DEVICE_FAMILY = "1,2";
			};
			name = Release;
		};
		4178B2EA1FF9FBFB0013B3D0 /* Staging */ = {
			isa = XCBuildConfiguration;
			buildSettings = {
				ALWAYS_SEARCH_USER_PATHS = NO;
				BUNDLE_ID_SUFFIX = .staging;
				CLANG_ANALYZER_NONNULL = YES;
				CLANG_ANALYZER_NUMBER_OBJECT_CONVERSION = YES_AGGRESSIVE;
				CLANG_CXX_LANGUAGE_STANDARD = "gnu++14";
				CLANG_CXX_LIBRARY = "libc++";
				CLANG_ENABLE_MODULES = YES;
				CLANG_ENABLE_OBJC_ARC = YES;
				CLANG_WARN_BLOCK_CAPTURE_AUTORELEASING = YES;
				CLANG_WARN_BOOL_CONVERSION = YES;
				CLANG_WARN_COMMA = YES;
				CLANG_WARN_CONSTANT_CONVERSION = YES;
				CLANG_WARN_DIRECT_OBJC_ISA_USAGE = YES_ERROR;
				CLANG_WARN_DOCUMENTATION_COMMENTS = YES;
				CLANG_WARN_EMPTY_BODY = YES;
				CLANG_WARN_ENUM_CONVERSION = YES;
				CLANG_WARN_INFINITE_RECURSION = YES;
				CLANG_WARN_INT_CONVERSION = YES;
				CLANG_WARN_NON_LITERAL_NULL_CONVERSION = YES;
				CLANG_WARN_OBJC_LITERAL_CONVERSION = YES;
				CLANG_WARN_OBJC_ROOT_CLASS = YES_ERROR;
				CLANG_WARN_RANGE_LOOP_ANALYSIS = YES;
				CLANG_WARN_STRICT_PROTOTYPES = YES;
				CLANG_WARN_SUSPICIOUS_MOVE = YES;
				CLANG_WARN_UNGUARDED_AVAILABILITY = YES_AGGRESSIVE;
				CLANG_WARN_UNREACHABLE_CODE = YES;
				CLANG_WARN__DUPLICATE_METHOD_MATCH = YES;
				CODE_SIGN_IDENTITY = "iPhone Developer";
				COPY_PHASE_STRIP = NO;
				DEBUG_INFORMATION_FORMAT = dwarf;
				ENABLE_STRICT_OBJC_MSGSEND = YES;
				ENABLE_TESTABILITY = YES;
				GCC_C_LANGUAGE_STANDARD = gnu11;
				GCC_DYNAMIC_NO_PIC = NO;
				GCC_NO_COMMON_BLOCKS = YES;
				GCC_OPTIMIZATION_LEVEL = 0;
				GCC_PREPROCESSOR_DEFINITIONS = (
					"STAGING=1",
					"$(inherited)",
				);
				GCC_WARN_64_TO_32_BIT_CONVERSION = YES;
				GCC_WARN_ABOUT_RETURN_TYPE = YES_ERROR;
				GCC_WARN_UNDECLARED_SELECTOR = YES;
				GCC_WARN_UNINITIALIZED_AUTOS = YES_AGGRESSIVE;
				GCC_WARN_UNUSED_FUNCTION = YES;
				GCC_WARN_UNUSED_VARIABLE = YES;
				HOGEHOGE = "確認してください";
				IPHONEOS_DEPLOYMENT_TARGET = 11.2;
				MTL_ENABLE_DEBUG_INFO = YES;
				ONLY_ACTIVE_ARCH = YES;
				OTHER_SWIFT_FLAGS = "-D STAGING";
				PRODUCT_NAME_PREFIX = S;
				SDKROOT = iphoneos;
				SWIFT_ACTIVE_COMPILATION_CONDITIONS = STAGING;
				SWIFT_OPTIMIZATION_LEVEL = "-Onone";
			};
			name = Staging;
		};
		4178B2EB1FF9FBFB0013B3D0 /* Staging */ = {
			isa = XCBuildConfiguration;
			buildSettings = {
				ASSETCATALOG_COMPILER_APPICON_NAME = "AppIcon${BUNDLE_ID_SUFFIX}";
				CODE_SIGN_STYLE = Automatic;
				DEVELOPMENT_TEAM = FG24DJMB24;
				INFOPLIST_FILE = "$(SRCROOT)/BuildConfigurationSample/Supporting Files/Info.plist";
				IPHONEOS_DEPLOYMENT_TARGET = 10.0;
				LD_RUNPATH_SEARCH_PATHS = "$(inherited) @executable_path/Frameworks";
				PRODUCT_BUNDLE_IDENTIFIER = "jp.todate.BuildConfigurationSample${BUNDLE_ID_SUFFIX}";
				PRODUCT_NAME = "${PRODUCT_NAME_PREFIX}hogehoge";
				SWIFT_VERSION = 4.0;
				TARGETED_DEVICE_FAMILY = "1,2";
			};
			name = Staging;
		};
/* End XCBuildConfiguration section */

/* Begin XCConfigurationList section */
		4178B2C91FF9FA6C0013B3D0 /* Build configuration list for PBXProject "BuildConfigurationSample" */ = {
			isa = XCConfigurationList;
			buildConfigurations = (
				4178B2DE1FF9FA6C0013B3D0 /* Develop */,
				4178B2EA1FF9FBFB0013B3D0 /* Staging */,
				4178B2DF1FF9FA6C0013B3D0 /* Release */,
			);
			defaultConfigurationIsVisible = 0;
			defaultConfigurationName = Release;
		};
		4178B2E01FF9FA6C0013B3D0 /* Build configuration list for PBXNativeTarget "BuildConfigurationSample" */ = {
			isa = XCConfigurationList;
			buildConfigurations = (
				4178B2E11FF9FA6C0013B3D0 /* Develop */,
				4178B2EB1FF9FBFB0013B3D0 /* Staging */,
				4178B2E21FF9FA6C0013B3D0 /* Release */,
			);
			defaultConfigurationIsVisible = 0;
			defaultConfigurationName = Release;
		};
/* End XCConfigurationList section */
	};
	rootObject = 4178B2C61FF9FA6C0013B3D0 /* Project object */;
}
